
Microsoft Visual Studio Solution File, Format Version 12.00
# Visual Studio Version 17
VisualStudioVersion = 17.0.31903.59
MinimumVisualStudioVersion = 10.0.40219.1
Project("{2150E333-8FDC-42A3-9474-1A3956D46DE8}") = "_Solution Items", "_Solution Items", "{2F9A6BF7-C81C-4FC8-9733-0F846CD1C2EB}"
	ProjectSection(SolutionItems) = preProject
		.gitignore = .gitignore
		builder-docker.ps1 = builder-docker.ps1
		docker\docker-compose.yml = docker\docker-compose.yml
		down.ps1 = down.ps1
		docker\filebeat.yml = docker\filebeat.yml
		docker\logstash.conf = docker\logstash.conf
		docker\metricbeat.yml = docker\metricbeat.yml
		README.md = README.md
		up.ps1 = up.ps1
	EndProjectSection
EndProject
Project("{2150E333-8FDC-42A3-9474-1A3956D46DE8}") = "src", "src", "{E86D88E1-4731-4BE0-B1DF-E18B94D52B1F}"
EndProject
Project("{2150E333-8FDC-42A3-9474-1A3956D46DE8}") = "aspire", "aspire", "{F84EAD4B-092A-4CDB-BEEE-198E22ECC36F}"
EndProject
Project("{9A19103F-16F7-4668-BE54-9A1E7A4F7556}") = "MrJb.NetAspire.Host", "aspire\MrJb.NetAspire.Host\MrJb.NetAspire.Host.csproj", "{11385122-494D-4DEF-BDA8-7FBA39493CEB}"
EndProject
Project("{9A19103F-16F7-4668-BE54-9A1E7A4F7556}") = "MrJb.NetAspire.ServiceDefaults", "aspire\MrJb.NetAspire.ServiceDefaults\MrJb.NetAspire.ServiceDefaults.csproj", "{3A0A4AE3-D319-476A-B6E9-95AA74EABA7E}"
EndProject
Project("{2150E333-8FDC-42A3-9474-1A3956D46DE8}") = "test", "test", "{14D44430-A454-4282-833A-C3585E4108A5}"
EndProject
Project("{9A19103F-16F7-4668-BE54-9A1E7A4F7556}") = "MrJb.OpenTelemetry.Tests.Developer", "test\MrJb.OpenTelemetry.Tests.Developer\MrJb.OpenTelemetry.Tests.Developer.csproj", "{54217E36-6A82-4257-BAB8-1FEA54055FD9}"
EndProject
Project("{9A19103F-16F7-4668-BE54-9A1E7A4F7556}") = "MrJb.OpenTelemetry.Api.Customers", "src\MrJb.OpenTelemetry.Api.Customers\MrJb.OpenTelemetry.Api.Customers.csproj", "{3DC9DA0D-585E-4AD4-A1CD-2AFE0237CEA8}"
EndProject
Project("{9A19103F-16F7-4668-BE54-9A1E7A4F7556}") = "MrJb.OpenTelemetry.Api.Orders", "src\MrJb.OpenTelemetry.Api.Orders\MrJb.OpenTelemetry.Api.Orders.csproj", "{665B0A07-91B2-48F5-BDBA-EADB1D70CE44}"
EndProject
Project("{2150E333-8FDC-42A3-9474-1A3956D46DE8}") = "api", "api", "{14E0910B-49FE-4458-8127-15502DA76AFA}"
EndProject
Project("{2150E333-8FDC-42A3-9474-1A3956D46DE8}") = "console", "console", "{5753B4FC-DA18-45E7-A26F-C314883E1E33}"
EndProject
Project("{9A19103F-16F7-4668-BE54-9A1E7A4F7556}") = "MrJB.OpenTelemetry.Domain", "src\MrJB.OpenTelemetry.Domain\MrJB.OpenTelemetry.Domain.csproj", "{8E3B9ADA-0825-4292-956A-1C698AD0ECB4}"
EndProject
Project("{9A19103F-16F7-4668-BE54-9A1E7A4F7556}") = "MrJb.OpenTelemetry.Console", "src\MrJb.OpenTelemetry.Console\MrJb.OpenTelemetry.Console.csproj", "{F64970B3-EB83-4E35-B5A0-42176047F915}"
EndProject
Global
	GlobalSection(SolutionConfigurationPlatforms) = preSolution
		Debug|Any CPU = Debug|Any CPU
		Release|Any CPU = Release|Any CPU
	EndGlobalSection
	GlobalSection(ProjectConfigurationPlatforms) = postSolution
		{11385122-494D-4DEF-BDA8-7FBA39493CEB}.Debug|Any CPU.ActiveCfg = Debug|Any CPU
		{11385122-494D-4DEF-BDA8-7FBA39493CEB}.Debug|Any CPU.Build.0 = Debug|Any CPU
		{11385122-494D-4DEF-BDA8-7FBA39493CEB}.Release|Any CPU.ActiveCfg = Release|Any CPU
		{11385122-494D-4DEF-BDA8-7FBA39493CEB}.Release|Any CPU.Build.0 = Release|Any CPU
		{3A0A4AE3-D319-476A-B6E9-95AA74EABA7E}.Debug|Any CPU.ActiveCfg = Debug|Any CPU
		{3A0A4AE3-D319-476A-B6E9-95AA74EABA7E}.Debug|Any CPU.Build.0 = Debug|Any CPU
		{3A0A4AE3-D319-476A-B6E9-95AA74EABA7E}.Release|Any CPU.ActiveCfg = Release|Any CPU
		{3A0A4AE3-D319-476A-B6E9-95AA74EABA7E}.Release|Any CPU.Build.0 = Release|Any CPU
		{54217E36-6A82-4257-BAB8-1FEA54055FD9}.Debug|Any CPU.ActiveCfg = Debug|Any CPU
		{54217E36-6A82-4257-BAB8-1FEA54055FD9}.Debug|Any CPU.Build.0 = Debug|Any CPU
		{54217E36-6A82-4257-BAB8-1FEA54055FD9}.Release|Any CPU.ActiveCfg = Release|Any CPU
		{54217E36-6A82-4257-BAB8-1FEA54055FD9}.Release|Any CPU.Build.0 = Release|Any CPU
		{3DC9DA0D-585E-4AD4-A1CD-2AFE0237CEA8}.Debug|Any CPU.ActiveCfg = Debug|Any CPU
		{3DC9DA0D-585E-4AD4-A1CD-2AFE0237CEA8}.Debug|Any CPU.Build.0 = Debug|Any CPU
		{3DC9DA0D-585E-4AD4-A1CD-2AFE0237CEA8}.Release|Any CPU.ActiveCfg = Release|Any CPU
		{3DC9DA0D-585E-4AD4-A1CD-2AFE0237CEA8}.Release|Any CPU.Build.0 = Release|Any CPU
		{665B0A07-91B2-48F5-BDBA-EADB1D70CE44}.Debug|Any CPU.ActiveCfg = Debug|Any CPU
		{665B0A07-91B2-48F5-BDBA-EADB1D70CE44}.Debug|Any CPU.Build.0 = Debug|Any CPU
		{665B0A07-91B2-48F5-BDBA-EADB1D70CE44}.Release|Any CPU.ActiveCfg = Release|Any CPU
		{665B0A07-91B2-48F5-BDBA-EADB1D70CE44}.Release|Any CPU.Build.0 = Release|Any CPU
		{8E3B9ADA-0825-4292-956A-1C698AD0ECB4}.Debug|Any CPU.ActiveCfg = Debug|Any CPU
		{8E3B9ADA-0825-4292-956A-1C698AD0ECB4}.Debug|Any CPU.Build.0 = Debug|Any CPU
		{8E3B9ADA-0825-4292-956A-1C698AD0ECB4}.Release|Any CPU.ActiveCfg = Release|Any CPU
		{8E3B9ADA-0825-4292-956A-1C698AD0ECB4}.Release|Any CPU.Build.0 = Release|Any CPU
		{F64970B3-EB83-4E35-B5A0-42176047F915}.Debug|Any CPU.ActiveCfg = Debug|Any CPU
		{F64970B3-EB83-4E35-B5A0-42176047F915}.Debug|Any CPU.Build.0 = Debug|Any CPU
		{F64970B3-EB83-4E35-B5A0-42176047F915}.Release|Any CPU.ActiveCfg = Release|Any CPU
		{F64970B3-EB83-4E35-B5A0-42176047F915}.Release|Any CPU.Build.0 = Release|Any CPU
	EndGlobalSection
	GlobalSection(SolutionProperties) = preSolution
		HideSolutionNode = FALSE
	EndGlobalSection
	GlobalSection(NestedProjects) = preSolution
		{11385122-494D-4DEF-BDA8-7FBA39493CEB} = {F84EAD4B-092A-4CDB-BEEE-198E22ECC36F}
		{3A0A4AE3-D319-476A-B6E9-95AA74EABA7E} = {F84EAD4B-092A-4CDB-BEEE-198E22ECC36F}
		{54217E36-6A82-4257-BAB8-1FEA54055FD9} = {14D44430-A454-4282-833A-C3585E4108A5}
		{3DC9DA0D-585E-4AD4-A1CD-2AFE0237CEA8} = {14E0910B-49FE-4458-8127-15502DA76AFA}
		{665B0A07-91B2-48F5-BDBA-EADB1D70CE44} = {14E0910B-49FE-4458-8127-15502DA76AFA}
		{14E0910B-49FE-4458-8127-15502DA76AFA} = {E86D88E1-4731-4BE0-B1DF-E18B94D52B1F}
		{5753B4FC-DA18-45E7-A26F-C314883E1E33} = {E86D88E1-4731-4BE0-B1DF-E18B94D52B1F}
		{8E3B9ADA-0825-4292-956A-1C698AD0ECB4} = {E86D88E1-4731-4BE0-B1DF-E18B94D52B1F}
		{F64970B3-EB83-4E35-B5A0-42176047F915} = {5753B4FC-DA18-45E7-A26F-C314883E1E33}
	EndGlobalSection
	GlobalSection(ExtensibilityGlobals) = postSolution
		SolutionGuid = {CCAE18AC-909C-4EC3-96E5-7C0769464396}
	EndGlobalSection
EndGlobal
